
Microsoft Visual Studio Solution File, Format Version 12.00
Project("{FAE04EC0-301F-11D3-BF4B-00C04F79EFBC}") = "DVGB07_viktlund104_Laboration5_Store", "DVGB07_viktlund104_Laboration5_Store\DVGB07_viktlund104_Laboration5_Store.csproj", "{28CABD56-ECFC-4B97-8285-7C4F249AD375}"
EndProject
Global
	GlobalSection(SolutionConfigurationPlatforms) = preSolution
		Debug|Any CPU = Debug|Any CPU
		Release|Any CPU = Release|Any CPU
	EndGlobalSection
	GlobalSection(ProjectConfigurationPlatforms) = postSolution
		{28CABD56-ECFC-4B97-8285-7C4F249AD375}.Debug|Any CPU.ActiveCfg = Debug|Any CPU
		{28CABD56-ECFC-4B97-8285-7C4F249AD375}.Debug|Any CPU.Build.0 = Debug|Any CPU
		{28CABD56-ECFC-4B97-8285-7C4F249AD375}.Release|Any CPU.ActiveCfg = Release|Any CPU
		{28CABD56-ECFC-4B97-8285-7C4F249AD375}.Release|Any CPU.Build.0 = Release|Any CPU
	EndGlobalSection
EndGlobal
